
Microsoft Visual Studio Solution File, Format Version 12.00
# Visual Studio Version 16
VisualStudioVersion = 16.0.30320.27
MinimumVisualStudioVersion = 10.0.40219.1
Project("{FAE04EC0-301F-11D3-BF4B-00C04F79EFBC}") = "week2task8sub1", "week2task8sub1.csproj", "{EEF179DA-45B6-45D6-BA24-19CE900E48FC}"
EndProject
Project("{FAE04EC0-301F-11D3-BF4B-00C04F79EFBC}") = "week2task8sub2", "..\week2task8sub2\week2task8sub2.csproj", "{E9CDC4D3-F803-49EB-BD3A-82FA8F4181A5}"
EndProject
Project("{FAE04EC0-301F-11D3-BF4B-00C04F79EFBC}") = "week2task8sub3", "..\week2task8sub3\week2task8sub3.csproj", "{3E94F78B-037F-4DDE-9A07-3CCB60462FA2}"
EndProject
Project("{FAE04EC0-301F-11D3-BF4B-00C04F79EFBC}") = "week2task8sub4", "..\week2task8sub4\week2task8sub4.csproj", "{91F30AFA-D6A9-4680-913F-12257093D70C}"
EndProject
Project("{9A19103F-16F7-4668-BE54-9A1E7A4F7556}") = "week2task8sub7", "week2task8sub7\week2task8sub7.csproj", "{0B5FDCD9-3C6E-46A9-9AC0-46B3B15271DE}"
EndProject
Project("{FAE04EC0-301F-11D3-BF4B-00C04F79EFBC}") = "week2task8sub8_", "week2task8sub8_\week2task8sub8_.csproj", "{B6A6A764-FDD4-4376-BD61-69454F016C2D}"
EndProject
Global
	GlobalSection(SolutionConfigurationPlatforms) = preSolution
		Debug|Any CPU = Debug|Any CPU
		Release|Any CPU = Release|Any CPU
	EndGlobalSection
	GlobalSection(ProjectConfigurationPlatforms) = postSolution
		{EEF179DA-45B6-45D6-BA24-19CE900E48FC}.Debug|Any CPU.ActiveCfg = Debug|Any CPU
		{EEF179DA-45B6-45D6-BA24-19CE900E48FC}.Debug|Any CPU.Build.0 = Debug|Any CPU
		{EEF179DA-45B6-45D6-BA24-19CE900E48FC}.Release|Any CPU.ActiveCfg = Release|Any CPU
		{EEF179DA-45B6-45D6-BA24-19CE900E48FC}.Release|Any CPU.Build.0 = Release|Any CPU
		{E9CDC4D3-F803-49EB-BD3A-82FA8F4181A5}.Debug|Any CPU.ActiveCfg = Debug|Any CPU
		{E9CDC4D3-F803-49EB-BD3A-82FA8F4181A5}.Debug|Any CPU.Build.0 = Debug|Any CPU
		{E9CDC4D3-F803-49EB-BD3A-82FA8F4181A5}.Release|Any CPU.ActiveCfg = Release|Any CPU
		{E9CDC4D3-F803-49EB-BD3A-82FA8F4181A5}.Release|Any CPU.Build.0 = Release|Any CPU
		{3E94F78B-037F-4DDE-9A07-3CCB60462FA2}.Debug|Any CPU.ActiveCfg = Debug|Any CPU
		{3E94F78B-037F-4DDE-9A07-3CCB60462FA2}.Debug|Any CPU.Build.0 = Debug|Any CPU
		{3E94F78B-037F-4DDE-9A07-3CCB60462FA2}.Release|Any CPU.ActiveCfg = Release|Any CPU
		{3E94F78B-037F-4DDE-9A07-3CCB60462FA2}.Release|Any CPU.Build.0 = Release|Any CPU
		{91F30AFA-D6A9-4680-913F-12257093D70C}.Debug|Any CPU.ActiveCfg = Debug|Any CPU
		{91F30AFA-D6A9-4680-913F-12257093D70C}.Debug|Any CPU.Build.0 = Debug|Any CPU
		{91F30AFA-D6A9-4680-913F-12257093D70C}.Release|Any CPU.ActiveCfg = Release|Any CPU
		{91F30AFA-D6A9-4680-913F-12257093D70C}.Release|Any CPU.Build.0 = Release|Any CPU
		{0B5FDCD9-3C6E-46A9-9AC0-46B3B15271DE}.Debug|Any CPU.ActiveCfg = Debug|Any CPU
		{0B5FDCD9-3C6E-46A9-9AC0-46B3B15271DE}.Debug|Any CPU.Build.0 = Debug|Any CPU
		{0B5FDCD9-3C6E-46A9-9AC0-46B3B15271DE}.Release|Any CPU.ActiveCfg = Release|Any CPU
		{0B5FDCD9-3C6E-46A9-9AC0-46B3B15271DE}.Release|Any CPU.Build.0 = Release|Any CPU
		{B6A6A764-FDD4-4376-BD61-69454F016C2D}.Debug|Any CPU.ActiveCfg = Debug|Any CPU
		{B6A6A764-FDD4-4376-BD61-69454F016C2D}.Debug|Any CPU.Build.0 = Debug|Any CPU
		{B6A6A764-FDD4-4376-BD61-69454F016C2D}.Release|Any CPU.ActiveCfg = Release|Any CPU
		{B6A6A764-FDD4-4376-BD61-69454F016C2D}.Release|Any CPU.Build.0 = Release|Any CPU
	EndGlobalSection
	GlobalSection(SolutionProperties) = preSolution
		HideSolutionNode = FALSE
	EndGlobalSection
	GlobalSection(ExtensibilityGlobals) = postSolution
		SolutionGuid = {708E7DBE-F1F4-4597-916A-AD8FDB21A9F5}
	EndGlobalSection
EndGlobal
